# This file is automatically @generated by Cargo.
# It is not intended for manual editing.
version = 4

[[package]]
name = "minimart-hw-display"
version = "0.0.0"

[[package]]
name = "minimart-hw-printer"
version = "0.0.0"

[[package]]
name = "minimart-hw-scale"
version = "0.0.0"

[[package]]
name = "minimart-hw-scanner"
version = "0.0.0"
